
Microsoft Visual Studio Solution File, Format Version 12.00
# Visual Studio Version 16
VisualStudioVersion = 16.0.30717.126
MinimumVisualStudioVersion = 10.0.40219.1
Project("{FAE04EC0-301F-11D3-BF4B-00C04F79EFBC}") = "Metode opg 1.1 H1", "Metode opg 1.1 H1\Metode opg 1.1 H1.csproj", "{8435CB53-8480-4342-8BFD-559CE03DA61E}"
EndProject
Global
	GlobalSection(SolutionConfigurationPlatforms) = preSolution
		Debug|Any CPU = Debug|Any CPU
		Release|Any CPU = Release|Any CPU
	EndGlobalSection
	GlobalSection(ProjectConfigurationPlatforms) = postSolution
		{8435CB53-8480-4342-8BFD-559CE03DA61E}.Debug|Any CPU.ActiveCfg = Debug|Any CPU
		{8435CB53-8480-4342-8BFD-559CE03DA61E}.Debug|Any CPU.Build.0 = Debug|Any CPU
		{8435CB53-8480-4342-8BFD-559CE03DA61E}.Release|Any CPU.ActiveCfg = Release|Any CPU
		{8435CB53-8480-4342-8BFD-559CE03DA61E}.Release|Any CPU.Build.0 = Release|Any CPU
	EndGlobalSection
	GlobalSection(SolutionProperties) = preSolution
		HideSolutionNode = FALSE
	EndGlobalSection
	GlobalSection(ExtensibilityGlobals) = postSolution
		SolutionGuid = {C010F996-15C4-41E0-8992-4CD68FBDCFDA}
	EndGlobalSection
EndGlobal
